{
  "name": "@nextcloud/paths",
  "version": "0.0.2",
  "lockfileVersion": 1,
  "requires": true,
  "dependencies": {
    "browserslist-config-nextcloud": {
      "version": "0.0.1",
      "resolved": "https://registry.npmjs.org/browserslist-config-nextcloud/-/browserslist-config-nextcloud-0.0.1.tgz",
      "integrity": "sha512-BUpPPPfE42jL2puSqfnsoOMoz6g+jqznoaoZmig4Kx1ULApBmM6iH+/7V1yblQz2PsOp39HET1byAB3h3h+kew==",
      "dev": true
    },
    "core-js": {
      "version": "3.1.4",
      "resolved": "https://registry.npmjs.org/core-js/-/core-js-3.1.4.tgz",
      "integrity": "sha512-YNZN8lt82XIMLnLirj9MhKDFZHalwzzrL9YLt6eb0T5D0EDl4IQ90IGkua8mHbnxNrkj1d8hbdizMc0Qmg1WnQ=="
    }
  }
}
